# THIS IS AN AUTOGENERATED FILE. DO NOT EDIT THIS FILE DIRECTLY.
# yarn lockfile v1


lottie@^0.0.1:
  version "0.0.1"
  resolved "https://registry.yarnpkg.com/lottie/-/lottie-0.0.1.tgz#f7a4d2a1f93006e60f1b1c6218cfba9cd1cc5f16"
  integrity sha512-WdqM3pbQLzxOojtuxL9tqDgR1AeOFDLT43+dmjXl0/dhiNjf3PFzqwg7Sw4tME+DTG0DcXfAN3b1Z+HfdMf6oA==

web@^0.0.2:
  version "0.0.2"
  resolved "https://registry.yarnpkg.com/web/-/web-0.0.2.tgz#d9e227387306db8c4b239f0f4bae7fc14b4c117a"
  integrity sha512-DDf86rBor7Hn4uRgXbCxcOKyP8aiokvkd648k/xjKUO4hQSLvupfDC3dHCBXQ4lJFxYW62/CEWpSINbSQRr57A==
